
Microsoft Visual Studio Solution File, Format Version 12.00
# Visual Studio Version 17
VisualStudioVersion = 17.6.33829.357
MinimumVisualStudioVersion = 10.0.40219.1
Project("{9A19103F-16F7-4668-BE54-9A1E7A4F7556}") = "XmlAsyncParser", "ConsoleApp1\XmlAsyncParser.csproj", "{C203F606-4791-47A3-B002-955C670B7627}"
EndProject
Global
	GlobalSection(SolutionConfigurationPlatforms) = preSolution
		Debug|Any CPU = Debug|Any CPU
		Release|Any CPU = Release|Any CPU
	EndGlobalSection
	GlobalSection(ProjectConfigurationPlatforms) = postSolution
		{C203F606-4791-47A3-B002-955C670B7627}.Debug|Any CPU.ActiveCfg = Debug|Any CPU
		{C203F606-4791-47A3-B002-955C670B7627}.Debug|Any CPU.Build.0 = Debug|Any CPU
		{C203F606-4791-47A3-B002-955C670B7627}.Release|Any CPU.ActiveCfg = Release|Any CPU
		{C203F606-4791-47A3-B002-955C670B7627}.Release|Any CPU.Build.0 = Release|Any CPU
	EndGlobalSection
	GlobalSection(SolutionProperties) = preSolution
		HideSolutionNode = FALSE
	EndGlobalSection
	GlobalSection(ExtensibilityGlobals) = postSolution
		SolutionGuid = {3A8F3A1A-F27D-45AD-9213-C7168DC1F003}
	EndGlobalSection
EndGlobal
